// !$*UTF8*$!
{
	archiveVersion = 1;
	classes = {
	};
	objectVersion = 51;
	objects = {

/* Begin PBXBuildFile section */
		2F2C3BDF23E089CC0025A390 /* AppDelegate.swift in Sources */ = {isa = PBXBuildFile; fileRef = 2F2C3BDE23E089CC0025A390 /* AppDelegate.swift */; };
		2F2C3BE123E089CC0025A390 /* SceneDelegate.swift in Sources */ = {isa = PBXBuildFile; fileRef = 2F2C3BE023E089CC0025A390 /* SceneDelegate.swift */; };
		2F2C3BE623E089CC0025A390 /* Login.storyboard in Resources */ = {isa = PBXBuildFile; fileRef = 2F2C3BE423E089CC0025A390 /* Login.storyboard */; };
		2F2C3BE823E089CD0025A390 /* Assets.xcassets in Resources */ = {isa = PBXBuildFile; fileRef = 2F2C3BE723E089CD0025A390 /* Assets.xcassets */; };
		2F2C3BF323E08FFA0025A390 /* LoginViewController.swift in Sources */ = {isa = PBXBuildFile; fileRef = 2F2C3BF223E08FFA0025A390 /* LoginViewController.swift */; };
		2F93242A23FD9731009B7C7F /* AlbumDetailCollectionViewCell.swift in Sources */ = {isa = PBXBuildFile; fileRef = 2F93242923FD9731009B7C7F /* AlbumDetailCollectionViewCell.swift */; };
		2F93242C23FE601A009B7C7F /* MapModeViewController.swift in Sources */ = {isa = PBXBuildFile; fileRef = 2F93242B23FE601A009B7C7F /* MapModeViewController.swift */; };
		2F93242E23FE65D3009B7C7F /* CustomMarkerView.swift in Sources */ = {isa = PBXBuildFile; fileRef = 2F93242D23FE65D3009B7C7F /* CustomMarkerView.swift */; };
		2F93243023FE66CE009B7C7F /* PhotoDetailViewController.swift in Sources */ = {isa = PBXBuildFile; fileRef = 2F93242F23FE66CE009B7C7F /* PhotoDetailViewController.swift */; };
		2F93243223FE6748009B7C7F /* PhotoPlace.swift in Sources */ = {isa = PBXBuildFile; fileRef = 2F93243123FE6748009B7C7F /* PhotoPlace.swift */; };
		2F93243423FE7674009B7C7F /* Podfile in Resources */ = {isa = PBXBuildFile; fileRef = 2F93243323FE7674009B7C7F /* Podfile */; };
		2F93243A23FEB3CB009B7C7F /* MapMakerView.swift in Sources */ = {isa = PBXBuildFile; fileRef = 2F93243923FEB3CB009B7C7F /* MapMakerView.swift */; };
		2FB2E48D23F9814400E15A81 /* SignUpVIewControllerViewController.swift in Sources */ = {isa = PBXBuildFile; fileRef = 2FB2E48C23F9814400E15A81 /* SignUpVIewControllerViewController.swift */; };
		2FB2E48F23FA79CE00E15A81 /* TabViewController.swift in Sources */ = {isa = PBXBuildFile; fileRef = 2FB2E48E23FA79CE00E15A81 /* TabViewController.swift */; };
		2FB2E49123FACED500E15A81 /* HomeViewController.swift in Sources */ = {isa = PBXBuildFile; fileRef = 2FB2E49023FACED500E15A81 /* HomeViewController.swift */; };
		2FB2E49323FACEED00E15A81 /* ArchiveViewController.swift in Sources */ = {isa = PBXBuildFile; fileRef = 2FB2E49223FACEED00E15A81 /* ArchiveViewController.swift */; };
		2FB2E49523FACF0100E15A81 /* ActivityViewController.swift in Sources */ = {isa = PBXBuildFile; fileRef = 2FB2E49423FACF0100E15A81 /* ActivityViewController.swift */; };
		2FB2E49723FACF0F00E15A81 /* ProfileViewController.swift in Sources */ = {isa = PBXBuildFile; fileRef = 2FB2E49623FACF0F00E15A81 /* ProfileViewController.swift */; };
		2FB2E49923FACF4000E15A81 /* NewStoryViewController.swift in Sources */ = {isa = PBXBuildFile; fileRef = 2FB2E49823FACF4000E15A81 /* NewStoryViewController.swift */; };
		2FB2E49C23FBA9DE00E15A81 /* UIImageView.swift in Sources */ = {isa = PBXBuildFile; fileRef = 2FB2E49B23FBA9DE00E15A81 /* UIImageView.swift */; };
		2FB2E49E23FBAB5800E15A81 /* UIButton.swift in Sources */ = {isa = PBXBuildFile; fileRef = 2FB2E49D23FBAB5800E15A81 /* UIButton.swift */; };
		2FB2E4A023FBC5E800E15A81 /* SettingViewController.swift in Sources */ = {isa = PBXBuildFile; fileRef = 2FB2E49F23FBC5E800E15A81 /* SettingViewController.swift */; };
		2FB2E4A223FBD1AF00E15A81 /* SettingDetialViewController.swift in Sources */ = {isa = PBXBuildFile; fileRef = 2FB2E4A123FBD1AF00E15A81 /* SettingDetialViewController.swift */; };
		2FB2E4A623FC42D700E15A81 /* SettingAccountPrivacyViewController.swift in Sources */ = {isa = PBXBuildFile; fileRef = 2FB2E4A523FC42D700E15A81 /* SettingAccountPrivacyViewController.swift */; };
		2FB2E4A823FC4CA800E15A81 /* TouchIDViewController.swift in Sources */ = {isa = PBXBuildFile; fileRef = 2FB2E4A723FC4CA800E15A81 /* TouchIDViewController.swift */; };
		2FB2E4B723FD2FD600E15A81 /* AlbumCell.swift in Sources */ = {isa = PBXBuildFile; fileRef = 2FB2E4B623FD2FD600E15A81 /* AlbumCell.swift */; };
		2FB2E4B923FD30A900E15A81 /* AlbumListViewController.swift in Sources */ = {isa = PBXBuildFile; fileRef = 2FB2E4B823FD30A900E15A81 /* AlbumListViewController.swift */; };
		2FB2E4BC23FD310C00E15A81 /* Album.swift in Sources */ = {isa = PBXBuildFile; fileRef = 2FB2E4BB23FD310C00E15A81 /* Album.swift */; };
		2FB2E4C623FD685600E15A81 /* AlbumDetailViewController.swift in Sources */ = {isa = PBXBuildFile; fileRef = 2FB2E4C523FD685600E15A81 /* AlbumDetailViewController.swift */; };
		2FB2E4C823FD68CD00E15A81 /* AlbumPhoto.swift in Sources */ = {isa = PBXBuildFile; fileRef = 2FB2E4C723FD68CD00E15A81 /* AlbumPhoto.swift */; };
		431057B66CC58B71EA70F948 /* Pods_AITOH.framework in Frameworks */ = {isa = PBXBuildFile; fileRef = 70C4183F20AC9BA94F499806 /* Pods_AITOH.framework */; };
/* End PBXBuildFile section */

/* Begin PBXFileReference section */
		230340633A5AB41D425B6021 /* Pods-AITOH.debug.xcconfig */ = {isa = PBXFileReference; includeInIndex = 1; lastKnownFileType = text.xcconfig; name = "Pods-AITOH.debug.xcconfig"; path = "Target Support Files/Pods-AITOH/Pods-AITOH.debug.xcconfig"; sourceTree = "<group>"; };
		2F2C3BDB23E089CC0025A390 /* AITOH.app */ = {isa = PBXFileReference; explicitFileType = wrapper.application; includeInIndex = 0; path = AITOH.app; sourceTree = BUILT_PRODUCTS_DIR; };
		2F2C3BDE23E089CC0025A390 /* AppDelegate.swift */ = {isa = PBXFileReference; lastKnownFileType = sourcecode.swift; path = AppDelegate.swift; sourceTree = "<group>"; };
		2F2C3BE023E089CC0025A390 /* SceneDelegate.swift */ = {isa = PBXFileReference; lastKnownFileType = sourcecode.swift; path = SceneDelegate.swift; sourceTree = "<group>"; };
		2F2C3BE523E089CC0025A390 /* Base */ = {isa = PBXFileReference; lastKnownFileType = file.storyboard; name = Base; path = Base.lproj/Login.storyboard; sourceTree = "<group>"; };
		2F2C3BE723E089CD0025A390 /* Assets.xcassets */ = {isa = PBXFileReference; lastKnownFileType = folder.assetcatalog; path = Assets.xcassets; sourceTree = "<group>"; };
		2F2C3BEC23E089CD0025A390 /* Info.plist */ = {isa = PBXFileReference; lastKnownFileType = text.plist.xml; path = Info.plist; sourceTree = "<group>"; };
		2F2C3BF223E08FFA0025A390 /* LoginViewController.swift */ = {isa = PBXFileReference; lastKnownFileType = sourcecode.swift; path = LoginViewController.swift; sourceTree = "<group>"; };
		2F93242923FD9731009B7C7F /* AlbumDetailCollectionViewCell.swift */ = {isa = PBXFileReference; lastKnownFileType = sourcecode.swift; path = AlbumDetailCollectionViewCell.swift; sourceTree = "<group>"; };
		2F93242B23FE601A009B7C7F /* MapModeViewController.swift */ = {isa = PBXFileReference; lastKnownFileType = sourcecode.swift; path = MapModeViewController.swift; sourceTree = "<group>"; };
		2F93242D23FE65D3009B7C7F /* CustomMarkerView.swift */ = {isa = PBXFileReference; lastKnownFileType = sourcecode.swift; path = CustomMarkerView.swift; sourceTree = "<group>"; };
		2F93242F23FE66CE009B7C7F /* PhotoDetailViewController.swift */ = {isa = PBXFileReference; lastKnownFileType = sourcecode.swift; path = PhotoDetailViewController.swift; sourceTree = "<group>"; };
		2F93243123FE6748009B7C7F /* PhotoPlace.swift */ = {isa = PBXFileReference; lastKnownFileType = sourcecode.swift; path = PhotoPlace.swift; sourceTree = "<group>"; };
		2F93243323FE7674009B7C7F /* Podfile */ = {isa = PBXFileReference; lastKnownFileType = text; path = Podfile; sourceTree = "<group>"; xcLanguageSpecificationIdentifier = xcode.lang.ruby; };
		2F93243923FEB3CB009B7C7F /* MapMakerView.swift */ = {isa = PBXFileReference; lastKnownFileType = sourcecode.swift; path = MapMakerView.swift; sourceTree = "<group>"; };
		2FB2E48C23F9814400E15A81 /* SignUpVIewControllerViewController.swift */ = {isa = PBXFileReference; lastKnownFileType = sourcecode.swift; path = SignUpVIewControllerViewController.swift; sourceTree = "<group>"; };
		2FB2E48E23FA79CE00E15A81 /* TabViewController.swift */ = {isa = PBXFileReference; lastKnownFileType = sourcecode.swift; path = TabViewController.swift; sourceTree = "<group>"; };
		2FB2E49023FACED500E15A81 /* HomeViewController.swift */ = {isa = PBXFileReference; lastKnownFileType = sourcecode.swift; path = HomeViewController.swift; sourceTree = "<group>"; };
		2FB2E49223FACEED00E15A81 /* ArchiveViewController.swift */ = {isa = PBXFileReference; lastKnownFileType = sourcecode.swift; path = ArchiveViewController.swift; sourceTree = "<group>"; };
		2FB2E49423FACF0100E15A81 /* ActivityViewController.swift */ = {isa = PBXFileReference; lastKnownFileType = sourcecode.swift; path = ActivityViewController.swift; sourceTree = "<group>"; };
		2FB2E49623FACF0F00E15A81 /* ProfileViewController.swift */ = {isa = PBXFileReference; lastKnownFileType = sourcecode.swift; path = ProfileViewController.swift; sourceTree = "<group>"; };
		2FB2E49823FACF4000E15A81 /* NewStoryViewController.swift */ = {isa = PBXFileReference; lastKnownFileType = sourcecode.swift; path = NewStoryViewController.swift; sourceTree = "<group>"; };
		2FB2E49B23FBA9DE00E15A81 /* UIImageView.swift */ = {isa = PBXFileReference; lastKnownFileType = sourcecode.swift; path = UIImageView.swift; sourceTree = "<group>"; };
		2FB2E49D23FBAB5800E15A81 /* UIButton.swift */ = {isa = PBXFileReference; lastKnownFileType = sourcecode.swift; path = UIButton.swift; sourceTree = "<group>"; };
		2FB2E49F23FBC5E800E15A81 /* SettingViewController.swift */ = {isa = PBXFileReference; lastKnownFileType = sourcecode.swift; path = SettingViewController.swift; sourceTree = "<group>"; };
		2FB2E4A123FBD1AF00E15A81 /* SettingDetialViewController.swift */ = {isa = PBXFileReference; lastKnownFileType = sourcecode.swift; path = SettingDetialViewController.swift; sourceTree = "<group>"; };
		2FB2E4A523FC42D700E15A81 /* SettingAccountPrivacyViewController.swift */ = {isa = PBXFileReference; lastKnownFileType = sourcecode.swift; path = SettingAccountPrivacyViewController.swift; sourceTree = "<group>"; };
		2FB2E4A723FC4CA800E15A81 /* TouchIDViewController.swift */ = {isa = PBXFileReference; lastKnownFileType = sourcecode.swift; path = TouchIDViewController.swift; sourceTree = "<group>"; };
		2FB2E4B623FD2FD600E15A81 /* AlbumCell.swift */ = {isa = PBXFileReference; lastKnownFileType = sourcecode.swift; path = AlbumCell.swift; sourceTree = "<group>"; };
		2FB2E4B823FD30A900E15A81 /* AlbumListViewController.swift */ = {isa = PBXFileReference; lastKnownFileType = sourcecode.swift; path = AlbumListViewController.swift; sourceTree = "<group>"; };
		2FB2E4BB23FD310C00E15A81 /* Album.swift */ = {isa = PBXFileReference; lastKnownFileType = sourcecode.swift; path = Album.swift; sourceTree = "<group>"; };
		2FB2E4C523FD685600E15A81 /* AlbumDetailViewController.swift */ = {isa = PBXFileReference; lastKnownFileType = sourcecode.swift; path = AlbumDetailViewController.swift; sourceTree = "<group>"; };
		2FB2E4C723FD68CD00E15A81 /* AlbumPhoto.swift */ = {isa = PBXFileReference; lastKnownFileType = sourcecode.swift; path = AlbumPhoto.swift; sourceTree = "<group>"; };
		70C4183F20AC9BA94F499806 /* Pods_AITOH.framework */ = {isa = PBXFileReference; explicitFileType = wrapper.framework; includeInIndex = 0; path = Pods_AITOH.framework; sourceTree = BUILT_PRODUCTS_DIR; };
		7EF85F495871E61719FE39EE /* Pods-AITOH.release.xcconfig */ = {isa = PBXFileReference; includeInIndex = 1; lastKnownFileType = text.xcconfig; name = "Pods-AITOH.release.xcconfig"; path = "Target Support Files/Pods-AITOH/Pods-AITOH.release.xcconfig"; sourceTree = "<group>"; };
/* End PBXFileReference section */

/* Begin PBXFrameworksBuildPhase section */
		2F2C3BD823E089CC0025A390 /* Frameworks */ = {
			isa = PBXFrameworksBuildPhase;
			buildActionMask = 2147483647;
			files = (
				431057B66CC58B71EA70F948 /* Pods_AITOH.framework in Frameworks */,
			);
			runOnlyForDeploymentPostprocessing = 0;
		};
/* End PBXFrameworksBuildPhase section */

/* Begin PBXGroup section */
		0DBECD1888041501FF34EFA7 /* Frameworks */ = {
			isa = PBXGroup;
			children = (
				70C4183F20AC9BA94F499806 /* Pods_AITOH.framework */,
			);
			name = Frameworks;
			sourceTree = "<group>";
		};
		21B5FC0AF63E4A4255BDC9B0 /* Pods */ = {
			isa = PBXGroup;
			children = (
				230340633A5AB41D425B6021 /* Pods-AITOH.debug.xcconfig */,
				7EF85F495871E61719FE39EE /* Pods-AITOH.release.xcconfig */,
			);
			path = Pods;
			sourceTree = "<group>";
		};
		2F2C3BD223E089CC0025A390 = {
			isa = PBXGroup;
			children = (
				2F93243323FE7674009B7C7F /* Podfile */,
				2F2C3BDD23E089CC0025A390 /* AITOH */,
				2F2C3BDC23E089CC0025A390 /* Products */,
				21B5FC0AF63E4A4255BDC9B0 /* Pods */,
				0DBECD1888041501FF34EFA7 /* Frameworks */,
			);
			sourceTree = "<group>";
		};
		2F2C3BDC23E089CC0025A390 /* Products */ = {
			isa = PBXGroup;
			children = (
				2F2C3BDB23E089CC0025A390 /* AITOH.app */,
			);
			name = Products;
			sourceTree = "<group>";
		};
		2F2C3BDD23E089CC0025A390 /* AITOH */ = {
			isa = PBXGroup;
			children = (
				2F2C3BDE23E089CC0025A390 /* AppDelegate.swift */,
				2FB2E48E23FA79CE00E15A81 /* TabViewController.swift */,
				2FB2E4C423FD5BA200E15A81 /* Story */,
				2FB2E4C223FD5B3D00E15A81 /* Archive */,
				2FB2E4C123FD5B2300E15A81 /* Acitivity */,
				2FB2E4C023FD5B0900E15A81 /* Home */,
				2FB2E4BF23FD5AD100E15A81 /* Profile */,
				2FB2E4BE23FD5AAE00E15A81 /* Login */,
				2FB2E49A23FBA96C00E15A81 /* UIVIew */,
				2FB2E4BA23FD30E100E15A81 /* Model */,
				2F2C3BE023E089CC0025A390 /* SceneDelegate.swift */,
				2FB2E4BD23FD5A7500E15A81 /* Photo Album */,
				2F2C3BE423E089CC0025A390 /* Login.storyboard */,
				2F2C3BE723E089CD0025A390 /* Assets.xcassets */,
				2F2C3BEC23E089CD0025A390 /* Info.plist */,
			);
			path = AITOH;
			sourceTree = "<group>";
		};
		2FB2E49A23FBA96C00E15A81 /* UIVIew */ = {
			isa = PBXGroup;
			children = (
				2FB2E49B23FBA9DE00E15A81 /* UIImageView.swift */,
				2FB2E49D23FBAB5800E15A81 /* UIButton.swift */,
			);
			path = UIVIew;
			sourceTree = "<group>";
		};
		2FB2E4BA23FD30E100E15A81 /* Model */ = {
			isa = PBXGroup;
			children = (
				2FB2E4BB23FD310C00E15A81 /* Album.swift */,
				2FB2E4C723FD68CD00E15A81 /* AlbumPhoto.swift */,
				2F93243123FE6748009B7C7F /* PhotoPlace.swift */,
			);
			path = Model;
			sourceTree = "<group>";
		};
		2FB2E4BD23FD5A7500E15A81 /* Photo Album */ = {
			isa = PBXGroup;
			children = (
				2FB2E4B623FD2FD600E15A81 /* AlbumCell.swift */,
				2FB2E4B823FD30A900E15A81 /* AlbumListViewController.swift */,
				2FB2E4C523FD685600E15A81 /* AlbumDetailViewController.swift */,
				2F93242923FD9731009B7C7F /* AlbumDetailCollectionViewCell.swift */,
				2F93243923FEB3CB009B7C7F /* MapMakerView.swift */,
				2F93242D23FE65D3009B7C7F /* CustomMarkerView.swift */,
				2F93242B23FE601A009B7C7F /* MapModeViewController.swift */,
				2F93242F23FE66CE009B7C7F /* PhotoDetailViewController.swift */,
			);
			path = "Photo Album";
			sourceTree = "<group>";
		};
		2FB2E4BE23FD5AAE00E15A81 /* Login */ = {
			isa = PBXGroup;
			children = (
				2FB2E4A723FC4CA800E15A81 /* TouchIDViewController.swift */,
				2F2C3BF223E08FFA0025A390 /* LoginViewController.swift */,
				2FB2E48C23F9814400E15A81 /* SignUpVIewControllerViewController.swift */,
			);
			path = Login;
			sourceTree = "<group>";
		};
		2FB2E4BF23FD5AD100E15A81 /* Profile */ = {
			isa = PBXGroup;
			children = (
				2FB2E49F23FBC5E800E15A81 /* SettingViewController.swift */,
				2FB2E49623FACF0F00E15A81 /* ProfileViewController.swift */,
				2FB2E4A123FBD1AF00E15A81 /* SettingDetialViewController.swift */,
				2FB2E4A523FC42D700E15A81 /* SettingAccountPrivacyViewController.swift */,
			);
			path = Profile;
			sourceTree = "<group>";
		};
		2FB2E4C023FD5B0900E15A81 /* Home */ = {
			isa = PBXGroup;
			children = (
				2FB2E49023FACED500E15A81 /* HomeViewController.swift */,
			);
			path = Home;
			sourceTree = "<group>";
		};
		2FB2E4C123FD5B2300E15A81 /* Acitivity */ = {
			isa = PBXGroup;
			children = (
				2FB2E49423FACF0100E15A81 /* ActivityViewController.swift */,
			);
			path = Acitivity;
			sourceTree = "<group>";
		};
		2FB2E4C223FD5B3D00E15A81 /* Archive */ = {
			isa = PBXGroup;
			children = (
				2FB2E49223FACEED00E15A81 /* ArchiveViewController.swift */,
			);
			path = Archive;
			sourceTree = "<group>";
		};
		2FB2E4C423FD5BA200E15A81 /* Story */ = {
			isa = PBXGroup;
			children = (
				2FB2E49823FACF4000E15A81 /* NewStoryViewController.swift */,
			);
			path = Story;
			sourceTree = "<group>";
		};
/* End PBXGroup section */

/* Begin PBXNativeTarget section */
		2F2C3BDA23E089CC0025A390 /* AITOH */ = {
			isa = PBXNativeTarget;
			buildConfigurationList = 2F2C3BEF23E089CD0025A390 /* Build configuration list for PBXNativeTarget "AITOH" */;
			buildPhases = (
				95CAC825F0DEE00BE838BEE4 /* [CP] Check Pods Manifest.lock */,
				2F2C3BD723E089CC0025A390 /* Sources */,
				2F2C3BD823E089CC0025A390 /* Frameworks */,
				2F2C3BD923E089CC0025A390 /* Resources */,
				2F4912544D2D62FE34870807 /* [CP] Embed Pods Frameworks */,
				48FB63786F4EC05171D73504 /* [CP] Copy Pods Resources */,
			);
			buildRules = (
			);
			dependencies = (
			);
			name = AITOH;
			productName = AITOH;
			productReference = 2F2C3BDB23E089CC0025A390 /* AITOH.app */;
			productType = "com.apple.product-type.application";
		};
/* End PBXNativeTarget section */

/* Begin PBXProject section */
		2F2C3BD323E089CC0025A390 /* Project object */ = {
			isa = PBXProject;
			attributes = {
				LastSwiftUpdateCheck = 1130;
				LastUpgradeCheck = 1130;
				ORGANIZATIONNAME = AITOH;
				TargetAttributes = {
					2F2C3BDA23E089CC0025A390 = {
						CreatedOnToolsVersion = 11.3.1;
					};
				};
			};
			buildConfigurationList = 2F2C3BD623E089CC0025A390 /* Build configuration list for PBXProject "AITOH" */;
			compatibilityVersion = "Xcode 9.3";
			developmentRegion = en;
			hasScannedForEncodings = 0;
			knownRegions = (
				en,
				Base,
			);
			mainGroup = 2F2C3BD223E089CC0025A390;
			productRefGroup = 2F2C3BDC23E089CC0025A390 /* Products */;
			projectDirPath = "";
			projectRoot = "";
			targets = (
				2F2C3BDA23E089CC0025A390 /* AITOH */,
			);
		};
/* End PBXProject section */

/* Begin PBXResourcesBuildPhase section */
		2F2C3BD923E089CC0025A390 /* Resources */ = {
			isa = PBXResourcesBuildPhase;
			buildActionMask = 2147483647;
			files = (
				2F93243423FE7674009B7C7F /* Podfile in Resources */,
				2F2C3BE823E089CD0025A390 /* Assets.xcassets in Resources */,
				2F2C3BE623E089CC0025A390 /* Login.storyboard in Resources */,
			);
			runOnlyForDeploymentPostprocessing = 0;
		};
/* End PBXResourcesBuildPhase section */

/* Begin PBXShellScriptBuildPhase section */
		2F4912544D2D62FE34870807 /* [CP] Embed Pods Frameworks */ = {
			isa = PBXShellScriptBuildPhase;
			buildActionMask = 2147483647;
			files = (
			);
			inputFileListPaths = (
				"${PODS_ROOT}/Target Support Files/Pods-AITOH/Pods-AITOH-frameworks-${CONFIGURATION}-input-files.xcfilelist",
			);
			name = "[CP] Embed Pods Frameworks";
			outputFileListPaths = (
				"${PODS_ROOT}/Target Support Files/Pods-AITOH/Pods-AITOH-frameworks-${CONFIGURATION}-output-files.xcfilelist",
			);
			runOnlyForDeploymentPostprocessing = 0;
			shellPath = /bin/sh;
			shellScript = "\"${PODS_ROOT}/Target Support Files/Pods-AITOH/Pods-AITOH-frameworks.sh\"\n";
			showEnvVarsInLog = 0;
		};
		48FB63786F4EC05171D73504 /* [CP] Copy Pods Resources */ = {
			isa = PBXShellScriptBuildPhase;
			buildActionMask = 2147483647;
			files = (
			);
			inputFileListPaths = (
				"${PODS_ROOT}/Target Support Files/Pods-AITOH/Pods-AITOH-resources-${CONFIGURATION}-input-files.xcfilelist",
			);
			name = "[CP] Copy Pods Resources";
			outputFileListPaths = (
				"${PODS_ROOT}/Target Support Files/Pods-AITOH/Pods-AITOH-resources-${CONFIGURATION}-output-files.xcfilelist",
			);
			runOnlyForDeploymentPostprocessing = 0;
			shellPath = /bin/sh;
			shellScript = "\"${PODS_ROOT}/Target Support Files/Pods-AITOH/Pods-AITOH-resources.sh\"\n";
			showEnvVarsInLog = 0;
		};
		95CAC825F0DEE00BE838BEE4 /* [CP] Check Pods Manifest.lock */ = {
			isa = PBXShellScriptBuildPhase;
			buildActionMask = 2147483647;
			files = (
			);
			inputFileListPaths = (
			);
			inputPaths = (
				"${PODS_PODFILE_DIR_PATH}/Podfile.lock",
				"${PODS_ROOT}/Manifest.lock",
			);
			name = "[CP] Check Pods Manifest.lock";
			outputFileListPaths = (
			);
			outputPaths = (
				"$(DERIVED_FILE_DIR)/Pods-AITOH-checkManifestLockResult.txt",
			);
			runOnlyForDeploymentPostprocessing = 0;
			shellPath = /bin/sh;
			shellScript = "diff \"${PODS_PODFILE_DIR_PATH}/Podfile.lock\" \"${PODS_ROOT}/Manifest.lock\" > /dev/null\nif [ $? != 0 ] ; then\n    # print error to STDERR\n    echo \"error: The sandbox is not in sync with the Podfile.lock. Run 'pod install' or update your CocoaPods installation.\" >&2\n    exit 1\nfi\n# This output is used by Xcode 'outputs' to avoid re-running this script phase.\necho \"SUCCESS\" > \"${SCRIPT_OUTPUT_FILE_0}\"\n";
			showEnvVarsInLog = 0;
		};
/* End PBXShellScriptBuildPhase section */

/* Begin PBXSourcesBuildPhase section */
		2F2C3BD723E089CC0025A390 /* Sources */ = {
			isa = PBXSourcesBuildPhase;
			buildActionMask = 2147483647;
			files = (
				2F2C3BF323E08FFA0025A390 /* LoginViewController.swift in Sources */,
				2F2C3BDF23E089CC0025A390 /* AppDelegate.swift in Sources */,
				2F93243A23FEB3CB009B7C7F /* MapMakerView.swift in Sources */,
				2FB2E4BC23FD310C00E15A81 /* Album.swift in Sources */,
				2F93243023FE66CE009B7C7F /* PhotoDetailViewController.swift in Sources */,
				2F93243223FE6748009B7C7F /* PhotoPlace.swift in Sources */,
				2F93242A23FD9731009B7C7F /* AlbumDetailCollectionViewCell.swift in Sources */,
				2FB2E4A223FBD1AF00E15A81 /* SettingDetialViewController.swift in Sources */,
				2FB2E4A623FC42D700E15A81 /* SettingAccountPrivacyViewController.swift in Sources */,
				2FB2E4B723FD2FD600E15A81 /* AlbumCell.swift in Sources */,
				2F2C3BE123E089CC0025A390 /* SceneDelegate.swift in Sources */,
				2FB2E4A823FC4CA800E15A81 /* TouchIDViewController.swift in Sources */,
				2FB2E4A023FBC5E800E15A81 /* SettingViewController.swift in Sources */,
				2FB2E49923FACF4000E15A81 /* NewStoryViewController.swift in Sources */,
				2F93242C23FE601A009B7C7F /* MapModeViewController.swift in Sources */,
				2FB2E49523FACF0100E15A81 /* ActivityViewController.swift in Sources */,
				2FB2E48F23FA79CE00E15A81 /* TabViewController.swift in Sources */,
				2FB2E4C823FD68CD00E15A81 /* AlbumPhoto.swift in Sources */,
				2FB2E49C23FBA9DE00E15A81 /* UIImageView.swift in Sources */,
				2FB2E48D23F9814400E15A81 /* SignUpVIewControllerViewController.swift in Sources */,
				2F93242E23FE65D3009B7C7F /* CustomMarkerView.swift in Sources */,
				2FB2E49723FACF0F00E15A81 /* ProfileViewController.swift in Sources */,
				2FB2E49123FACED500E15A81 /* HomeViewController.swift in Sources */,
				2FB2E49323FACEED00E15A81 /* ArchiveViewController.swift in Sources */,
				2FB2E4C623FD685600E15A81 /* AlbumDetailViewController.swift in Sources */,
				2FB2E4B923FD30A900E15A81 /* AlbumListViewController.swift in Sources */,
				2FB2E49E23FBAB5800E15A81 /* UIButton.swift in Sources */,
			);
			runOnlyForDeploymentPostprocessing = 0;
		};
/* End PBXSourcesBuildPhase section */

/* Begin PBXVariantGroup section */
		2F2C3BE423E089CC0025A390 /* Login.storyboard */ = {
			isa = PBXVariantGroup;
			children = (
				2F2C3BE523E089CC0025A390 /* Base */,
			);
			name = Login.storyboard;
			sourceTree = "<group>";
		};
/* End PBXVariantGroup section */

/* Begin XCBuildConfiguration section */
		2F2C3BED23E089CD0025A390 /* Debug */ = {
			isa = XCBuildConfiguration;
			buildSettings = {
				ALWAYS_SEARCH_USER_PATHS = NO;
				CLANG_ANALYZER_NONNULL = YES;
				CLANG_ANALYZER_NUMBER_OBJECT_CONVERSION = YES_AGGRESSIVE;
				CLANG_CXX_LANGUAGE_STANDARD = "gnu++14";
				CLANG_CXX_LIBRARY = "libc++";
				CLANG_ENABLE_MODULES = YES;
				CLANG_ENABLE_OBJC_ARC = YES;
				CLANG_ENABLE_OBJC_WEAK = YES;
				CLANG_WARN_BLOCK_CAPTURE_AUTORELEASING = YES;
				CLANG_WARN_BOOL_CONVERSION = YES;
				CLANG_WARN_COMMA = YES;
				CLANG_WARN_CONSTANT_CONVERSION = YES;
				CLANG_WARN_DEPRECATED_OBJC_IMPLEMENTATIONS = YES;
				CLANG_WARN_DIRECT_OBJC_ISA_USAGE = YES_ERROR;
				CLANG_WARN_DOCUMENTATION_COMMENTS = YES;
				CLANG_WARN_EMPTY_BODY = YES;
				CLANG_WARN_ENUM_CONVERSION = YES;
				CLANG_WARN_INFINITE_RECURSION = YES;
				CLANG_WARN_INT_CONVERSION = YES;
				CLANG_WARN_NON_LITERAL_NULL_CONVERSION = YES;
				CLANG_WARN_OBJC_IMPLICIT_RETAIN_SELF = YES;
				CLANG_WARN_OBJC_LITERAL_CONVERSION = YES;
				CLANG_WARN_OBJC_ROOT_CLASS = YES_ERROR;
				CLANG_WARN_RANGE_LOOP_ANALYSIS = YES;
				CLANG_WARN_STRICT_PROTOTYPES = YES;
				CLANG_WARN_SUSPICIOUS_MOVE = YES;
				CLANG_WARN_UNGUARDED_AVAILABILITY = YES_AGGRESSIVE;
				CLANG_WARN_UNREACHABLE_CODE = YES;
				CLANG_WARN__DUPLICATE_METHOD_MATCH = YES;
				COPY_PHASE_STRIP = NO;
				DEBUG_INFORMATION_FORMAT = dwarf;
				ENABLE_STRICT_OBJC_MSGSEND = YES;
				ENABLE_TESTABILITY = YES;
				GCC_C_LANGUAGE_STANDARD = gnu11;
				GCC_DYNAMIC_NO_PIC = NO;
				GCC_NO_COMMON_BLOCKS = YES;
				GCC_OPTIMIZATION_LEVEL = 0;
				GCC_PREPROCESSOR_DEFINITIONS = (
					"DEBUG=1",
					"$(inherited)",
				);
				GCC_WARN_64_TO_32_BIT_CONVERSION = YES;
				GCC_WARN_ABOUT_RETURN_TYPE = YES_ERROR;
				GCC_WARN_UNDECLARED_SELECTOR = YES;
				GCC_WARN_UNINITIALIZED_AUTOS = YES_AGGRESSIVE;
				GCC_WARN_UNUSED_FUNCTION = YES;
				GCC_WARN_UNUSED_VARIABLE = YES;
				IPHONEOS_DEPLOYMENT_TARGET = 13.2;
				MTL_ENABLE_DEBUG_INFO = INCLUDE_SOURCE;
				MTL_FAST_MATH = YES;
				ONLY_ACTIVE_ARCH = YES;
				SDKROOT = iphoneos;
				SWIFT_ACTIVE_COMPILATION_CONDITIONS = DEBUG;
				SWIFT_OPTIMIZATION_LEVEL = "-Onone";
			};
			name = Debug;
		};
		2F2C3BEE23E089CD0025A390 /* Release */ = {
			isa = XCBuildConfiguration;
			buildSettings = {
				ALWAYS_SEARCH_USER_PATHS = NO;
				CLANG_ANALYZER_NONNULL = YES;
				CLANG_ANALYZER_NUMBER_OBJECT_CONVERSION = YES_AGGRESSIVE;
				CLANG_CXX_LANGUAGE_STANDARD = "gnu++14";
				CLANG_CXX_LIBRARY = "libc++";
				CLANG_ENABLE_MODULES = YES;
				CLANG_ENABLE_OBJC_ARC = YES;
				CLANG_ENABLE_OBJC_WEAK = YES;
				CLANG_WARN_BLOCK_CAPTURE_AUTORELEASING = YES;
				CLANG_WARN_BOOL_CONVERSION = YES;
				CLANG_WARN_COMMA = YES;
				CLANG_WARN_CONSTANT_CONVERSION = YES;
				CLANG_WARN_DEPRECATED_OBJC_IMPLEMENTATIONS = YES;
				CLANG_WARN_DIRECT_OBJC_ISA_USAGE = YES_ERROR;
				CLANG_WARN_DOCUMENTATION_COMMENTS = YES;
				CLANG_WARN_EMPTY_BODY = YES;
				CLANG_WARN_ENUM_CONVERSION = YES;
				CLANG_WARN_INFINITE_RECURSION = YES;
				CLANG_WARN_INT_CONVERSION = YES;
				CLANG_WARN_NON_LITERAL_NULL_CONVERSION = YES;
				CLANG_WARN_OBJC_IMPLICIT_RETAIN_SELF = YES;
				CLANG_WARN_OBJC_LITERAL_CONVERSION = YES;
				CLANG_WARN_OBJC_ROOT_CLASS = YES_ERROR;
				CLANG_WARN_RANGE_LOOP_ANALYSIS = YES;
				CLANG_WARN_STRICT_PROTOTYPES = YES;
				CLANG_WARN_SUSPICIOUS_MOVE = YES;
				CLANG_WARN_UNGUARDED_AVAILABILITY = YES_AGGRESSIVE;
				CLANG_WARN_UNREACHABLE_CODE = YES;
				CLANG_WARN__DUPLICATE_METHOD_MATCH = YES;
				COPY_PHASE_STRIP = NO;
				DEBUG_INFORMATION_FORMAT = "dwarf-with-dsym";
				ENABLE_NS_ASSERTIONS = NO;
				ENABLE_STRICT_OBJC_MSGSEND = YES;
				GCC_C_LANGUAGE_STANDARD = gnu11;
				GCC_NO_COMMON_BLOCKS = YES;
				GCC_WARN_64_TO_32_BIT_CONVERSION = YES;
				GCC_WARN_ABOUT_RETURN_TYPE = YES_ERROR;
				GCC_WARN_UNDECLARED_SELECTOR = YES;
				GCC_WARN_UNINITIALIZED_AUTOS = YES_AGGRESSIVE;
				GCC_WARN_UNUSED_FUNCTION = YES;
				GCC_WARN_UNUSED_VARIABLE = YES;
				IPHONEOS_DEPLOYMENT_TARGET = 13.2;
				MTL_ENABLE_DEBUG_INFO = NO;
				MTL_FAST_MATH = YES;
				SDKROOT = iphoneos;
				SWIFT_COMPILATION_MODE = wholemodule;
				SWIFT_OPTIMIZATION_LEVEL = "-O";
				VALIDATE_PRODUCT = YES;
			};
			name = Release;
		};
		2F2C3BF023E089CD0025A390 /* Debug */ = {
			isa = XCBuildConfiguration;
			baseConfigurationReference = 230340633A5AB41D425B6021 /* Pods-AITOH.debug.xcconfig */;
			buildSettings = {
				ASSETCATALOG_COMPILER_APPICON_NAME = AppIcon;
				CODE_SIGN_STYLE = Automatic;
				FRAMEWORK_SEARCH_PATHS = (
					"$(inherited)",
					"$(PROJECT_DIR)/build/Release-iphoneos/PryntTrimmerView",
					"$(PROJECT_DIR)/build/Release-iphoneos/YPImagePicker",
					"$(PROJECT_DIR)/build/Release-iphoneos/SteviaLayout",
					"$(PROJECT_DIR)/build/Release-iphoneos",
				);
				INFOPLIST_FILE = AITOH/Info.plist;
				LD_RUNPATH_SEARCH_PATHS = (
					"$(inherited)",
					"@executable_path/Frameworks",
				);
				PRODUCT_BUNDLE_IDENTIFIER = com.fyp.AITOH;
				PRODUCT_NAME = "$(TARGET_NAME)";
				SWIFT_VERSION = 5.0;
				TARGETED_DEVICE_FAMILY = 1;
			};
			name = Debug;
		};
		2F2C3BF123E089CD0025A390 /* Release */ = {
			isa = XCBuildConfiguration;
			baseConfigurationReference = 7EF85F495871E61719FE39EE /* Pods-AITOH.release.xcconfig */;
			buildSettings = {
				ASSETCATALOG_COMPILER_APPICON_NAME = AppIcon;
				CODE_SIGN_STYLE = Automatic;
				FRAMEWORK_SEARCH_PATHS = (
					"$(inherited)",
					"$(PROJECT_DIR)/build/Release-iphoneos/PryntTrimmerView",
					"$(PROJECT_DIR)/build/Release-iphoneos/YPImagePicker",
					"$(PROJECT_DIR)/build/Release-iphoneos/SteviaLayout",
					"$(PROJECT_DIR)/build/Release-iphoneos",
				);
				INFOPLIST_FILE = AITOH/Info.plist;
				LD_RUNPATH_SEARCH_PATHS = (
					"$(inherited)",
					"@executable_path/Frameworks",
				);
				PRODUCT_BUNDLE_IDENTIFIER = com.fyp.AITOH;
				PRODUCT_NAME = "$(TARGET_NAME)";
				SWIFT_VERSION = 5.0;
				TARGETED_DEVICE_FAMILY = 1;
			};
			name = Release;
		};
/* End XCBuildConfiguration section */

/* Begin XCConfigurationList section */
		2F2C3BD623E089CC0025A390 /* Build configuration list for PBXProject "AITOH" */ = {
			isa = XCConfigurationList;
			buildConfigurations = (
				2F2C3BED23E089CD0025A390 /* Debug */,
				2F2C3BEE23E089CD0025A390 /* Release */,
			);
			defaultConfigurationIsVisible = 0;
			defaultConfigurationName = Release;
		};
		2F2C3BEF23E089CD0025A390 /* Build configuration list for PBXNativeTarget "AITOH" */ = {
			isa = XCConfigurationList;
			buildConfigurations = (
				2F2C3BF023E089CD0025A390 /* Debug */,
				2F2C3BF123E089CD0025A390 /* Release */,
			);
			defaultConfigurationIsVisible = 0;
			defaultConfigurationName = Release;
		};
/* End XCConfigurationList section */
	};
	rootObject = 2F2C3BD323E089CC0025A390 /* Project object */;
}
